{
	"archiveVersion" = "1";
	"classes" =
		{
		};
	"objectVersion" = "46";
	"objects" =
		{
			"100000000000000000000002" =
				{
					"isa" = "PBXGroup";
					"children" =
						();
					"sourceTree" = "<group>";
				};
			"100000000000000000000006" =
				{
					"isa" = "PBXNativeTarget";
					"buildPhases" =
						("100000000000000000000007");
					"buildRules" =
						();
					"dependencies" =
						();
					"name" = "test";
					"productName" = "test";
					"productType" = "com.apple.product-type.application";
				};
			"100000000000000000000001" =
				{
					"isa" = "PBXProject";
					"attributes" =
						{
							"LastUpgradeCheck" = "0620";
						};
					"buildConfigurationList" = "100000000000000000000003";
					"compatibilityVersion" = "Xcode 3.2";
					"developmentRegion" = "English";
					"hasScannedForEncodings" = "0";
					"knownRegions" =
						("en");
					"mainGroup" = "100000000000000000000002";
					"projectDirPath" = "";
					"projectRoot" = "";
					"targets" =
						("100000000000000000000006");
				};
			"100000000000000000000007" =
				{
					"isa" = "PBXSourcesBuildPhase";
					"buildActionMask" = "2147483647";
					"files" =
						();
					"runOnlyForDeploymentPostprocessing" = "0";
				};
			"100000000000000000000004" =
				{
					"isa" = "XCBuildConfiguration";
					"buildSettings" =
						{
							"INFOPLIST_FILE" = "Info.plist";
							"SDKROOT" = "iphoneos";
							"TARGETED_DEVICE_FAMILY" = "1,2";
							"GCC_PRECOMPILE_PREFIX_HEADER" = "YES";
							"GCC_PREFIX_HEADER" = "/Users/BlueRiverTeam/development/robovm/robovm-robopods/fabric/ios-answers/robovm-build/xcode/.ib/Prefix.pch";
						};
					"name" = "Debug";
				};
			"100000000000000000000005" =
				{
					"isa" = "XCBuildConfiguration";
					"buildSettings" =
						{
							"INFOPLIST_FILE" = "Info.plist";
							"SDKROOT" = "iphoneos";
							"TARGETED_DEVICE_FAMILY" = "1,2";
							"GCC_PRECOMPILE_PREFIX_HEADER" = "YES";
							"GCC_PREFIX_HEADER" = "/Users/BlueRiverTeam/development/robovm/robovm-robopods/fabric/ios-answers/robovm-build/xcode/.ib/Prefix.pch";
						};
					"name" = "Release";
				};
			"100000000000000000000003" =
				{
					"isa" = "XCConfigurationList";
					"buildConfigurations" =
						("100000000000000000000004", "100000000000000000000005");
					"defaultConfigurationIsVisible" = "0";
					"defaultConfigurationName" = "Release";
				};
		};
	"rootObject" = "100000000000000000000001";
}
