{
	"archiveVersion" = "1";
	"classes" =
		{
		};
	"objectVersion" = "46";
	"objects" =
		{
			"100000000000000000000002" =
				{
					"isa" = "PBXGroup";
					"children" =
						("E5E61B48A71A4E16869F9E33");
					"sourceTree" = "<group>";
				};
			"100000000000000000000006" =
				{
					"isa" = "PBXNativeTarget";
					"buildPhases" =
						("100000000000000000000007");
					"buildRules" =
						();
					"dependencies" =
						();
					"name" = "test";
					"productName" = "test";
					"productType" = "com.apple.product-type.application";
				};
			"100000000000000000000001" =
				{
					"isa" = "PBXProject";
					"attributes" =
						{
							"LastUpgradeCheck" = "0620";
						};
					"buildConfigurationList" = "100000000000000000000003";
					"compatibilityVersion" = "Xcode 3.2";
					"developmentRegion" = "English";
					"hasScannedForEncodings" = "0";
					"knownRegions" =
						("en");
					"mainGroup" = "100000000000000000000002";
					"projectDirPath" = "";
					"projectRoot" = "";
					"targets" =
						("100000000000000000000006");
				};
			"100000000000000000000007" =
				{
					"isa" = "PBXSourcesBuildPhase";
					"buildActionMask" = "2147483647";
					"files" =
						("4917A01DF779453BA13A559F");
					"runOnlyForDeploymentPostprocessing" = "0";
				};
			"100000000000000000000004" =
				{
					"isa" = "XCBuildConfiguration";
					"buildSettings" =
						{
							"INFOPLIST_FILE" = "Info.plist";
							"SDKROOT" = "iphoneos";
							"TARGETED_DEVICE_FAMILY" = "1,2";
							"GCC_PRECOMPILE_PREFIX_HEADER" = "YES";
							"GCC_PREFIX_HEADER" = "/Users/BlueRiverTeam/development/robovm/robovm-robopods/fabric/ios-digits/robovm-build/xcode/.ib/Prefix.pch";
						};
					"name" = "Debug";
				};
			"100000000000000000000005" =
				{
					"isa" = "XCBuildConfiguration";
					"buildSettings" =
						{
							"INFOPLIST_FILE" = "Info.plist";
							"SDKROOT" = "iphoneos";
							"TARGETED_DEVICE_FAMILY" = "1,2";
							"GCC_PRECOMPILE_PREFIX_HEADER" = "YES";
							"GCC_PREFIX_HEADER" = "/Users/BlueRiverTeam/development/robovm/robovm-robopods/fabric/ios-digits/robovm-build/xcode/.ib/Prefix.pch";
						};
					"name" = "Release";
				};
			"100000000000000000000003" =
				{
					"isa" = "XCConfigurationList";
					"buildConfigurations" =
						("100000000000000000000004", "100000000000000000000005");
					"defaultConfigurationIsVisible" = "0";
					"defaultConfigurationName" = "Release";
				};
			"46D1DDF78A9A4054B7181F8F" =
				{
					"isa" = "PBXFileReference";
					"name" = "DGTAuthenticateButton.h";
					"lastKnownFileType" = "sourcecode.c.h";
					"sourceTree" = "<group>";
					"path" = "DGTAuthenticateButton.h";
				};
			"E5E61B48A71A4E16869F9E33" =
				{
					"isa" = "PBXGroup";
					"children" =
						("FE0D93157DB44083B37B4EF6");
					"name" = "Sources";
					"sourceTree" = "<absolute>";
					"path" = "/Users/BlueRiverTeam/development/robovm/robovm-robopods/fabric/ios-digits/robovm-build/xcode/.ib";
				};
			"FE0D93157DB44083B37B4EF6" =
				{
					"isa" = "PBXGroup";
					"children" =
						("46D1DDF78A9A4054B7181F8F", "BE84D413A3C5450586FB20D2");
					"name" = "org.robovm.pods.digits";
					"sourceTree" = "<group>";
					"path" = "org.robovm.pods.digits";
				};
			"BE84D413A3C5450586FB20D2" =
				{
					"isa" = "PBXFileReference";
					"name" = "DGTAuthenticateButton.m";
					"lastKnownFileType" = "sourcecode.c.objc";
					"sourceTree" = "<group>";
					"path" = "DGTAuthenticateButton.m";
				};
			"4917A01DF779453BA13A559F" =
				{
					"isa" = "PBXBuildFile";
					"fileRef" = "BE84D413A3C5450586FB20D2";
				};
		};
	"rootObject" = "100000000000000000000001";
}
